
Microsoft Visual Studio Solution File, Format Version 12.00
# Visual Studio 15
VisualStudioVersion = 15.0.26730.16
MinimumVisualStudioVersion = 10.0.40219.1
Project("{FAE04EC0-301F-11D3-BF4B-00C04F79EFBC}") = "RecipeArchive", "RecipeArchive\RecipeArchive.csproj", "{D3FC1A44-E9FB-49AD-8881-910EE05E5E16}"
EndProject
Project("{FAE04EC0-301F-11D3-BF4B-00C04F79EFBC}") = "RecipeArchive.DAL", "RecipeArchive.DAL\RecipeArchive.DAL.csproj", "{0C0074BA-9C8D-486B-8652-F8C57874D625}"
EndProject
Global
	GlobalSection(SolutionConfigurationPlatforms) = preSolution
		Debug|Any CPU = Debug|Any CPU
		Release|Any CPU = Release|Any CPU
	EndGlobalSection
	GlobalSection(ProjectConfigurationPlatforms) = postSolution
		{D3FC1A44-E9FB-49AD-8881-910EE05E5E16}.Debug|Any CPU.ActiveCfg = Debug|Any CPU
		{D3FC1A44-E9FB-49AD-8881-910EE05E5E16}.Debug|Any CPU.Build.0 = Debug|Any CPU
		{D3FC1A44-E9FB-49AD-8881-910EE05E5E16}.Release|Any CPU.ActiveCfg = Release|Any CPU
		{D3FC1A44-E9FB-49AD-8881-910EE05E5E16}.Release|Any CPU.Build.0 = Release|Any CPU
		{0C0074BA-9C8D-486B-8652-F8C57874D625}.Debug|Any CPU.ActiveCfg = Debug|Any CPU
		{0C0074BA-9C8D-486B-8652-F8C57874D625}.Debug|Any CPU.Build.0 = Debug|Any CPU
		{0C0074BA-9C8D-486B-8652-F8C57874D625}.Release|Any CPU.ActiveCfg = Release|Any CPU
		{0C0074BA-9C8D-486B-8652-F8C57874D625}.Release|Any CPU.Build.0 = Release|Any CPU
	EndGlobalSection
	GlobalSection(SolutionProperties) = preSolution
		HideSolutionNode = FALSE
	EndGlobalSection
	GlobalSection(ExtensibilityGlobals) = postSolution
		SolutionGuid = {7540C908-D5CA-4343-B910-05FF216135A0}
	EndGlobalSection
EndGlobal
